// !$*UTF8*$!
{
	archiveVersion = 1;
	classes = {
	};
	objectVersion = 48;
	objects = {

/* Begin PBXBuildFile section */
		AC820D6A2059E0BB0014A757 /* AppDelegate.swift in Sources */ = {isa = PBXBuildFile; fileRef = AC820D692059E0BB0014A757 /* AppDelegate.swift */; };
		AC820D6C2059E0BB0014A757 /* ViewController.swift in Sources */ = {isa = PBXBuildFile; fileRef = AC820D6B2059E0BB0014A757 /* ViewController.swift */; };
		AC820D6F2059E0BB0014A757 /* Main.storyboard in Resources */ = {isa = PBXBuildFile; fileRef = AC820D6D2059E0BB0014A757 /* Main.storyboard */; };
		AC820D712059E0BB0014A757 /* Assets.xcassets in Resources */ = {isa = PBXBuildFile; fileRef = AC820D702059E0BB0014A757 /* Assets.xcassets */; };
		AC820D742059E0BB0014A757 /* LaunchScreen.storyboard in Resources */ = {isa = PBXBuildFile; fileRef = AC820D722059E0BB0014A757 /* LaunchScreen.storyboard */; };
		AC820D7F2059E0BB0014A757 /* PensamentosTests.swift in Sources */ = {isa = PBXBuildFile; fileRef = AC820D7E2059E0BB0014A757 /* PensamentosTests.swift */; };
		AC820D8A2059E0BB0014A757 /* PensamentosUITests.swift in Sources */ = {isa = PBXBuildFile; fileRef = AC820D892059E0BB0014A757 /* PensamentosUITests.swift */; };
/* End PBXBuildFile section */

/* Begin PBXContainerItemProxy section */
		AC820D7B2059E0BB0014A757 /* PBXContainerItemProxy */ = {
			isa = PBXContainerItemProxy;
			containerPortal = AC820D5E2059E0BB0014A757 /* Project object */;
			proxyType = 1;
			remoteGlobalIDString = AC820D652059E0BB0014A757;
			remoteInfo = Pensamentos;
		};
		AC820D862059E0BB0014A757 /* PBXContainerItemProxy */ = {
			isa = PBXContainerItemProxy;
			containerPortal = AC820D5E2059E0BB0014A757 /* Project object */;
			proxyType = 1;
			remoteGlobalIDString = AC820D652059E0BB0014A757;
			remoteInfo = Pensamentos;
		};
/* End PBXContainerItemProxy section */

/* Begin PBXFileReference section */
		AC820D662059E0BB0014A757 /* Pensamentos.app */ = {isa = PBXFileReference; explicitFileType = wrapper.application; includeInIndex = 0; path = Pensamentos.app; sourceTree = BUILT_PRODUCTS_DIR; };
		AC820D692059E0BB0014A757 /* AppDelegate.swift */ = {isa = PBXFileReference; lastKnownFileType = sourcecode.swift; path = AppDelegate.swift; sourceTree = "<group>"; };
		AC820D6B2059E0BB0014A757 /* ViewController.swift */ = {isa = PBXFileReference; lastKnownFileType = sourcecode.swift; path = ViewController.swift; sourceTree = "<group>"; };
		AC820D6E2059E0BB0014A757 /* Base */ = {isa = PBXFileReference; lastKnownFileType = file.storyboard; name = Base; path = Base.lproj/Main.storyboard; sourceTree = "<group>"; };
		AC820D702059E0BB0014A757 /* Assets.xcassets */ = {isa = PBXFileReference; lastKnownFileType = folder.assetcatalog; path = Assets.xcassets; sourceTree = "<group>"; };
		AC820D732059E0BB0014A757 /* Base */ = {isa = PBXFileReference; lastKnownFileType = file.storyboard; name = Base; path = Base.lproj/LaunchScreen.storyboard; sourceTree = "<group>"; };
		AC820D752059E0BB0014A757 /* Info.plist */ = {isa = PBXFileReference; lastKnownFileType = text.plist.xml; path = Info.plist; sourceTree = "<group>"; };
		AC820D7A2059E0BB0014A757 /* PensamentosTests.xctest */ = {isa = PBXFileReference; explicitFileType = wrapper.cfbundle; includeInIndex = 0; path = PensamentosTests.xctest; sourceTree = BUILT_PRODUCTS_DIR; };
		AC820D7E2059E0BB0014A757 /* PensamentosTests.swift */ = {isa = PBXFileReference; lastKnownFileType = sourcecode.swift; path = PensamentosTests.swift; sourceTree = "<group>"; };
		AC820D802059E0BB0014A757 /* Info.plist */ = {isa = PBXFileReference; lastKnownFileType = text.plist.xml; path = Info.plist; sourceTree = "<group>"; };
		AC820D852059E0BB0014A757 /* PensamentosUITests.xctest */ = {isa = PBXFileReference; explicitFileType = wrapper.cfbundle; includeInIndex = 0; path = PensamentosUITests.xctest; sourceTree = BUILT_PRODUCTS_DIR; };
		AC820D892059E0BB0014A757 /* PensamentosUITests.swift */ = {isa = PBXFileReference; lastKnownFileType = sourcecode.swift; path = PensamentosUITests.swift; sourceTree = "<group>"; };
		AC820D8B2059E0BB0014A757 /* Info.plist */ = {isa = PBXFileReference; lastKnownFileType = text.plist.xml; path = Info.plist; sourceTree = "<group>"; };
/* End PBXFileReference section */

/* Begin PBXFrameworksBuildPhase section */
		AC820D632059E0BB0014A757 /* Frameworks */ = {
			isa = PBXFrameworksBuildPhase;
			buildActionMask = 2147483647;
			files = (
			);
			runOnlyForDeploymentPostprocessing = 0;
		};
		AC820D772059E0BB0014A757 /* Frameworks */ = {
			isa = PBXFrameworksBuildPhase;
			buildActionMask = 2147483647;
			files = (
			);
			runOnlyForDeploymentPostprocessing = 0;
		};
		AC820D822059E0BB0014A757 /* Frameworks */ = {
			isa = PBXFrameworksBuildPhase;
			buildActionMask = 2147483647;
			files = (
			);
			runOnlyForDeploymentPostprocessing = 0;
		};
/* End PBXFrameworksBuildPhase section */

/* Begin PBXGroup section */
		AC820D5D2059E0BB0014A757 = {
			isa = PBXGroup;
			children = (
				AC820D682059E0BB0014A757 /* Pensamentos */,
				AC820D7D2059E0BB0014A757 /* PensamentosTests */,
				AC820D882059E0BB0014A757 /* PensamentosUITests */,
				AC820D672059E0BB0014A757 /* Products */,
			);
			sourceTree = "<group>";
		};
		AC820D672059E0BB0014A757 /* Products */ = {
			isa = PBXGroup;
			children = (
				AC820D662059E0BB0014A757 /* Pensamentos.app */,
				AC820D7A2059E0BB0014A757 /* PensamentosTests.xctest */,
				AC820D852059E0BB0014A757 /* PensamentosUITests.xctest */,
			);
			name = Products;
			sourceTree = "<group>";
		};
		AC820D682059E0BB0014A757 /* Pensamentos */ = {
			isa = PBXGroup;
			children = (
				AC820D692059E0BB0014A757 /* AppDelegate.swift */,
				AC820D6B2059E0BB0014A757 /* ViewController.swift */,
				AC820D6D2059E0BB0014A757 /* Main.storyboard */,
				AC820D702059E0BB0014A757 /* Assets.xcassets */,
				AC820D722059E0BB0014A757 /* LaunchScreen.storyboard */,
				AC820D752059E0BB0014A757 /* Info.plist */,
			);
			path = Pensamentos;
			sourceTree = "<group>";
		};
		AC820D7D2059E0BB0014A757 /* PensamentosTests */ = {
			isa = PBXGroup;
			children = (
				AC820D7E2059E0BB0014A757 /* PensamentosTests.swift */,
				AC820D802059E0BB0014A757 /* Info.plist */,
			);
			path = PensamentosTests;
			sourceTree = "<group>";
		};
		AC820D882059E0BB0014A757 /* PensamentosUITests */ = {
			isa = PBXGroup;
			children = (
				AC820D892059E0BB0014A757 /* PensamentosUITests.swift */,
				AC820D8B2059E0BB0014A757 /* Info.plist */,
			);
			path = PensamentosUITests;
			sourceTree = "<group>";
		};
/* End PBXGroup section */

/* Begin PBXNativeTarget section */
		AC820D652059E0BB0014A757 /* Pensamentos */ = {
			isa = PBXNativeTarget;
			buildConfigurationList = AC820D8E2059E0BB0014A757 /* Build configuration list for PBXNativeTarget "Pensamentos" */;
			buildPhases = (
				AC820D622059E0BB0014A757 /* Sources */,
				AC820D632059E0BB0014A757 /* Frameworks */,
				AC820D642059E0BB0014A757 /* Resources */,
			);
			buildRules = (
			);
			dependencies = (
			);
			name = Pensamentos;
			productName = Pensamentos;
			productReference = AC820D662059E0BB0014A757 /* Pensamentos.app */;
			productType = "com.apple.product-type.application";
		};
		AC820D792059E0BB0014A757 /* PensamentosTests */ = {
			isa = PBXNativeTarget;
			buildConfigurationList = AC820D912059E0BB0014A757 /* Build configuration list for PBXNativeTarget "PensamentosTests" */;
			buildPhases = (
				AC820D762059E0BB0014A757 /* Sources */,
				AC820D772059E0BB0014A757 /* Frameworks */,
				AC820D782059E0BB0014A757 /* Resources */,
			);
			buildRules = (
			);
			dependencies = (
				AC820D7C2059E0BB0014A757 /* PBXTargetDependency */,
			);
			name = PensamentosTests;
			productName = PensamentosTests;
			productReference = AC820D7A2059E0BB0014A757 /* PensamentosTests.xctest */;
			productType = "com.apple.product-type.bundle.unit-test";
		};
		AC820D842059E0BB0014A757 /* PensamentosUITests */ = {
			isa = PBXNativeTarget;
			buildConfigurationList = AC820D942059E0BB0014A757 /* Build configuration list for PBXNativeTarget "PensamentosUITests" */;
			buildPhases = (
				AC820D812059E0BB0014A757 /* Sources */,
				AC820D822059E0BB0014A757 /* Frameworks */,
				AC820D832059E0BB0014A757 /* Resources */,
			);
			buildRules = (
			);
			dependencies = (
				AC820D872059E0BB0014A757 /* PBXTargetDependency */,
			);
			name = PensamentosUITests;
			productName = PensamentosUITests;
			productReference = AC820D852059E0BB0014A757 /* PensamentosUITests.xctest */;
			productType = "com.apple.product-type.bundle.ui-testing";
		};
/* End PBXNativeTarget section */

/* Begin PBXProject section */
		AC820D5E2059E0BB0014A757 /* Project object */ = {
			isa = PBXProject;
			attributes = {
				LastSwiftUpdateCheck = 0920;
				LastUpgradeCheck = 0920;
				ORGANIZATIONNAME = fiap;
				TargetAttributes = {
					AC820D652059E0BB0014A757 = {
						CreatedOnToolsVersion = 9.2;
						ProvisioningStyle = Automatic;
					};
					AC820D792059E0BB0014A757 = {
						CreatedOnToolsVersion = 9.2;
						ProvisioningStyle = Automatic;
						TestTargetID = AC820D652059E0BB0014A757;
					};
					AC820D842059E0BB0014A757 = {
						CreatedOnToolsVersion = 9.2;
						ProvisioningStyle = Automatic;
						TestTargetID = AC820D652059E0BB0014A757;
					};
				};
			};
			buildConfigurationList = AC820D612059E0BB0014A757 /* Build configuration list for PBXProject "Pensamentos" */;
			compatibilityVersion = "Xcode 8.0";
			developmentRegion = en;
			hasScannedForEncodings = 0;
			knownRegions = (
				en,
				Base,
			);
			mainGroup = AC820D5D2059E0BB0014A757;
			productRefGroup = AC820D672059E0BB0014A757 /* Products */;
			projectDirPath = "";
			projectRoot = "";
			targets = (
				AC820D652059E0BB0014A757 /* Pensamentos */,
				AC820D792059E0BB0014A757 /* PensamentosTests */,
				AC820D842059E0BB0014A757 /* PensamentosUITests */,
			);
		};
/* End PBXProject section */

/* Begin PBXResourcesBuildPhase section */
		AC820D642059E0BB0014A757 /* Resources */ = {
			isa = PBXResourcesBuildPhase;
			buildActionMask = 2147483647;
			files = (
				AC820D742059E0BB0014A757 /* LaunchScreen.storyboard in Resources */,
				AC820D712059E0BB0014A757 /* Assets.xcassets in Resources */,
				AC820D6F2059E0BB0014A757 /* Main.storyboard in Resources */,
			);
			runOnlyForDeploymentPostprocessing = 0;
		};
		AC820D782059E0BB0014A757 /* Resources */ = {
			isa = PBXResourcesBuildPhase;
			buildActionMask = 2147483647;
			files = (
			);
			runOnlyForDeploymentPostprocessing = 0;
		};
		AC820D832059E0BB0014A757 /* Resources */ = {
			isa = PBXResourcesBuildPhase;
			buildActionMask = 2147483647;
			files = (
			);
			runOnlyForDeploymentPostprocessing = 0;
		};
/* End PBXResourcesBuildPhase section */

/* Begin PBXSourcesBuildPhase section */
		AC820D622059E0BB0014A757 /* Sources */ = {
			isa = PBXSourcesBuildPhase;
			buildActionMask = 2147483647;
			files = (
				AC820D6C2059E0BB0014A757 /* ViewController.swift in Sources */,
				AC820D6A2059E0BB0014A757 /* AppDelegate.swift in Sources */,
			);
			runOnlyForDeploymentPostprocessing = 0;
		};
		AC820D762059E0BB0014A757 /* Sources */ = {
			isa = PBXSourcesBuildPhase;
			buildActionMask = 2147483647;
			files = (
				AC820D7F2059E0BB0014A757 /* PensamentosTests.swift in Sources */,
			);
			runOnlyForDeploymentPostprocessing = 0;
		};
		AC820D812059E0BB0014A757 /* Sources */ = {
			isa = PBXSourcesBuildPhase;
			buildActionMask = 2147483647;
			files = (
				AC820D8A2059E0BB0014A757 /* PensamentosUITests.swift in Sources */,
			);
			runOnlyForDeploymentPostprocessing = 0;
		};
/* End PBXSourcesBuildPhase section */

/* Begin PBXTargetDependency section */
		AC820D7C2059E0BB0014A757 /* PBXTargetDependency */ = {
			isa = PBXTargetDependency;
			target = AC820D652059E0BB0014A757 /* Pensamentos */;
			targetProxy = AC820D7B2059E0BB0014A757 /* PBXContainerItemProxy */;
		};
		AC820D872059E0BB0014A757 /* PBXTargetDependency */ = {
			isa = PBXTargetDependency;
			target = AC820D652059E0BB0014A757 /* Pensamentos */;
			targetProxy = AC820D862059E0BB0014A757 /* PBXContainerItemProxy */;
		};
/* End PBXTargetDependency section */

/* Begin PBXVariantGroup section */
		AC820D6D2059E0BB0014A757 /* Main.storyboard */ = {
			isa = PBXVariantGroup;
			children = (
				AC820D6E2059E0BB0014A757 /* Base */,
			);
			name = Main.storyboard;
			sourceTree = "<group>";
		};
		AC820D722059E0BB0014A757 /* LaunchScreen.storyboard */ = {
			isa = PBXVariantGroup;
			children = (
				AC820D732059E0BB0014A757 /* Base */,
			);
			name = LaunchScreen.storyboard;
			sourceTree = "<group>";
		};
/* End PBXVariantGroup section */

/* Begin XCBuildConfiguration section */
		AC820D8C2059E0BB0014A757 /* Debug */ = {
			isa = XCBuildConfiguration;
			buildSettings = {
				ALWAYS_SEARCH_USER_PATHS = NO;
				CLANG_ANALYZER_NONNULL = YES;
				CLANG_ANALYZER_NUMBER_OBJECT_CONVERSION = YES_AGGRESSIVE;
				CLANG_CXX_LANGUAGE_STANDARD = "gnu++14";
				CLANG_CXX_LIBRARY = "libc++";
				CLANG_ENABLE_MODULES = YES;
				CLANG_ENABLE_OBJC_ARC = YES;
				CLANG_WARN_BLOCK_CAPTURE_AUTORELEASING = YES;
				CLANG_WARN_BOOL_CONVERSION = YES;
				CLANG_WARN_COMMA = YES;
				CLANG_WARN_CONSTANT_CONVERSION = YES;
				CLANG_WARN_DIRECT_OBJC_ISA_USAGE = YES_ERROR;
				CLANG_WARN_DOCUMENTATION_COMMENTS = YES;
				CLANG_WARN_EMPTY_BODY = YES;
				CLANG_WARN_ENUM_CONVERSION = YES;
				CLANG_WARN_INFINITE_RECURSION = YES;
				CLANG_WARN_INT_CONVERSION = YES;
				CLANG_WARN_NON_LITERAL_NULL_CONVERSION = YES;
				CLANG_WARN_OBJC_LITERAL_CONVERSION = YES;
				CLANG_WARN_OBJC_ROOT_CLASS = YES_ERROR;
				CLANG_WARN_RANGE_LOOP_ANALYSIS = YES;
				CLANG_WARN_STRICT_PROTOTYPES = YES;
				CLANG_WARN_SUSPICIOUS_MOVE = YES;
				CLANG_WARN_UNGUARDED_AVAILABILITY = YES_AGGRESSIVE;
				CLANG_WARN_UNREACHABLE_CODE = YES;
				CLANG_WARN__DUPLICATE_METHOD_MATCH = YES;
				CODE_SIGN_IDENTITY = "iPhone Developer";
				COPY_PHASE_STRIP = NO;
				DEBUG_INFORMATION_FORMAT = dwarf;
				ENABLE_STRICT_OBJC_MSGSEND = YES;
				ENABLE_TESTABILITY = YES;
				GCC_C_LANGUAGE_STANDARD = gnu11;
				GCC_DYNAMIC_NO_PIC = NO;
				GCC_NO_COMMON_BLOCKS = YES;
				GCC_OPTIMIZATION_LEVEL = 0;
				GCC_PREPROCESSOR_DEFINITIONS = (
					"DEBUG=1",
					"$(inherited)",
				);
				GCC_WARN_64_TO_32_BIT_CONVERSION = YES;
				GCC_WARN_ABOUT_RETURN_TYPE = YES_ERROR;
				GCC_WARN_UNDECLARED_SELECTOR = YES;
				GCC_WARN_UNINITIALIZED_AUTOS = YES_AGGRESSIVE;
				GCC_WARN_UNUSED_FUNCTION = YES;
				GCC_WARN_UNUSED_VARIABLE = YES;
				IPHONEOS_DEPLOYMENT_TARGET = 11.2;
				MTL_ENABLE_DEBUG_INFO = YES;
				ONLY_ACTIVE_ARCH = YES;
				SDKROOT = iphoneos;
				SWIFT_ACTIVE_COMPILATION_CONDITIONS = DEBUG;
				SWIFT_OPTIMIZATION_LEVEL = "-Onone";
			};
			name = Debug;
		};
		AC820D8D2059E0BB0014A757 /* Release */ = {
			isa = XCBuildConfiguration;
			buildSettings = {
				ALWAYS_SEARCH_USER_PATHS = NO;
				CLANG_ANALYZER_NONNULL = YES;
				CLANG_ANALYZER_NUMBER_OBJECT_CONVERSION = YES_AGGRESSIVE;
				CLANG_CXX_LANGUAGE_STANDARD = "gnu++14";
				CLANG_CXX_LIBRARY = "libc++";
				CLANG_ENABLE_MODULES = YES;
				CLANG_ENABLE_OBJC_ARC = YES;
				CLANG_WARN_BLOCK_CAPTURE_AUTORELEASING = YES;
				CLANG_WARN_BOOL_CONVERSION = YES;
				CLANG_WARN_COMMA = YES;
				CLANG_WARN_CONSTANT_CONVERSION = YES;
				CLANG_WARN_DIRECT_OBJC_ISA_USAGE = YES_ERROR;
				CLANG_WARN_DOCUMENTATION_COMMENTS = YES;
				CLANG_WARN_EMPTY_BODY = YES;
				CLANG_WARN_ENUM_CONVERSION = YES;
				CLANG_WARN_INFINITE_RECURSION = YES;
				CLANG_WARN_INT_CONVERSION = YES;
				CLANG_WARN_NON_LITERAL_NULL_CONVERSION = YES;
				CLANG_WARN_OBJC_LITERAL_CONVERSION = YES;
				CLANG_WARN_OBJC_ROOT_CLASS = YES_ERROR;
				CLANG_WARN_RANGE_LOOP_ANALYSIS = YES;
				CLANG_WARN_STRICT_PROTOTYPES = YES;
				CLANG_WARN_SUSPICIOUS_MOVE = YES;
				CLANG_WARN_UNGUARDED_AVAILABILITY = YES_AGGRESSIVE;
				CLANG_WARN_UNREACHABLE_CODE = YES;
				CLANG_WARN__DUPLICATE_METHOD_MATCH = YES;
				CODE_SIGN_IDENTITY = "iPhone Developer";
				COPY_PHASE_STRIP = NO;
				DEBUG_INFORMATION_FORMAT = "dwarf-with-dsym";
				ENABLE_NS_ASSERTIONS = NO;
				ENABLE_STRICT_OBJC_MSGSEND = YES;
				GCC_C_LANGUAGE_STANDARD = gnu11;
				GCC_NO_COMMON_BLOCKS = YES;
				GCC_WARN_64_TO_32_BIT_CONVERSION = YES;
				GCC_WARN_ABOUT_RETURN_TYPE = YES_ERROR;
				GCC_WARN_UNDECLARED_SELECTOR = YES;
				GCC_WARN_UNINITIALIZED_AUTOS = YES_AGGRESSIVE;
				GCC_WARN_UNUSED_FUNCTION = YES;
				GCC_WARN_UNUSED_VARIABLE = YES;
				IPHONEOS_DEPLOYMENT_TARGET = 11.2;
				MTL_ENABLE_DEBUG_INFO = NO;
				SDKROOT = iphoneos;
				SWIFT_OPTIMIZATION_LEVEL = "-Owholemodule";
				VALIDATE_PRODUCT = YES;
			};
			name = Release;
		};
		AC820D8F2059E0BB0014A757 /* Debug */ = {
			isa = XCBuildConfiguration;
			buildSettings = {
				ASSETCATALOG_COMPILER_APPICON_NAME = AppIcon;
				CODE_SIGN_STYLE = Automatic;
				INFOPLIST_FILE = Pensamentos/Info.plist;
				LD_RUNPATH_SEARCH_PATHS = "$(inherited) @executable_path/Frameworks";
				PRODUCT_BUNDLE_IDENTIFIER = fiap.com.br.Pensamentos;
				PRODUCT_NAME = "$(TARGET_NAME)";
				SWIFT_VERSION = 4.0;
				TARGETED_DEVICE_FAMILY = "1,2";
			};
			name = Debug;
		};
		AC820D902059E0BB0014A757 /* Release */ = {
			isa = XCBuildConfiguration;
			buildSettings = {
				ASSETCATALOG_COMPILER_APPICON_NAME = AppIcon;
				CODE_SIGN_STYLE = Automatic;
				INFOPLIST_FILE = Pensamentos/Info.plist;
				LD_RUNPATH_SEARCH_PATHS = "$(inherited) @executable_path/Frameworks";
				PRODUCT_BUNDLE_IDENTIFIER = fiap.com.br.Pensamentos;
				PRODUCT_NAME = "$(TARGET_NAME)";
				SWIFT_VERSION = 4.0;
				TARGETED_DEVICE_FAMILY = "1,2";
			};
			name = Release;
		};
		AC820D922059E0BB0014A757 /* Debug */ = {
			isa = XCBuildConfiguration;
			buildSettings = {
				ALWAYS_EMBED_SWIFT_STANDARD_LIBRARIES = YES;
				BUNDLE_LOADER = "$(TEST_HOST)";
				CODE_SIGN_STYLE = Automatic;
				INFOPLIST_FILE = PensamentosTests/Info.plist;
				LD_RUNPATH_SEARCH_PATHS = "$(inherited) @executable_path/Frameworks @loader_path/Frameworks";
				PRODUCT_BUNDLE_IDENTIFIER = fiap.com.br.PensamentosTests;
				PRODUCT_NAME = "$(TARGET_NAME)";
				SWIFT_VERSION = 4.0;
				TARGETED_DEVICE_FAMILY = "1,2";
				TEST_HOST = "$(BUILT_PRODUCTS_DIR)/Pensamentos.app/Pensamentos";
			};
			name = Debug;
		};
		AC820D932059E0BB0014A757 /* Release */ = {
			isa = XCBuildConfiguration;
			buildSettings = {
				ALWAYS_EMBED_SWIFT_STANDARD_LIBRARIES = YES;
				BUNDLE_LOADER = "$(TEST_HOST)";
				CODE_SIGN_STYLE = Automatic;
				INFOPLIST_FILE = PensamentosTests/Info.plist;
				LD_RUNPATH_SEARCH_PATHS = "$(inherited) @executable_path/Frameworks @loader_path/Frameworks";
				PRODUCT_BUNDLE_IDENTIFIER = fiap.com.br.PensamentosTests;
				PRODUCT_NAME = "$(TARGET_NAME)";
				SWIFT_VERSION = 4.0;
				TARGETED_DEVICE_FAMILY = "1,2";
				TEST_HOST = "$(BUILT_PRODUCTS_DIR)/Pensamentos.app/Pensamentos";
			};
			name = Release;
		};
		AC820D952059E0BB0014A757 /* Debug */ = {
			isa = XCBuildConfiguration;
			buildSettings = {
				ALWAYS_EMBED_SWIFT_STANDARD_LIBRARIES = YES;
				CODE_SIGN_STYLE = Automatic;
				INFOPLIST_FILE = PensamentosUITests/Info.plist;
				LD_RUNPATH_SEARCH_PATHS = "$(inherited) @executable_path/Frameworks @loader_path/Frameworks";
				PRODUCT_BUNDLE_IDENTIFIER = fiap.com.br.PensamentosUITests;
				PRODUCT_NAME = "$(TARGET_NAME)";
				SWIFT_VERSION = 4.0;
				TARGETED_DEVICE_FAMILY = "1,2";
				TEST_TARGET_NAME = Pensamentos;
			};
			name = Debug;
		};
		AC820D962059E0BB0014A757 /* Release */ = {
			isa = XCBuildConfiguration;
			buildSettings = {
				ALWAYS_EMBED_SWIFT_STANDARD_LIBRARIES = YES;
				CODE_SIGN_STYLE = Automatic;
				INFOPLIST_FILE = PensamentosUITests/Info.plist;
				LD_RUNPATH_SEARCH_PATHS = "$(inherited) @executable_path/Frameworks @loader_path/Frameworks";
				PRODUCT_BUNDLE_IDENTIFIER = fiap.com.br.PensamentosUITests;
				PRODUCT_NAME = "$(TARGET_NAME)";
				SWIFT_VERSION = 4.0;
				TARGETED_DEVICE_FAMILY = "1,2";
				TEST_TARGET_NAME = Pensamentos;
			};
			name = Release;
		};
/* End XCBuildConfiguration section */

/* Begin XCConfigurationList section */
		AC820D612059E0BB0014A757 /* Build configuration list for PBXProject "Pensamentos" */ = {
			isa = XCConfigurationList;
			buildConfigurations = (
				AC820D8C2059E0BB0014A757 /* Debug */,
				AC820D8D2059E0BB0014A757 /* Release */,
			);
			defaultConfigurationIsVisible = 0;
			defaultConfigurationName = Release;
		};
		AC820D8E2059E0BB0014A757 /* Build configuration list for PBXNativeTarget "Pensamentos" */ = {
			isa = XCConfigurationList;
			buildConfigurations = (
				AC820D8F2059E0BB0014A757 /* Debug */,
				AC820D902059E0BB0014A757 /* Release */,
			);
			defaultConfigurationIsVisible = 0;
			defaultConfigurationName = Release;
		};
		AC820D912059E0BB0014A757 /* Build configuration list for PBXNativeTarget "PensamentosTests" */ = {
			isa = XCConfigurationList;
			buildConfigurations = (
				AC820D922059E0BB0014A757 /* Debug */,
				AC820D932059E0BB0014A757 /* Release */,
			);
			defaultConfigurationIsVisible = 0;
			defaultConfigurationName = Release;
		};
		AC820D942059E0BB0014A757 /* Build configuration list for PBXNativeTarget "PensamentosUITests" */ = {
			isa = XCConfigurationList;
			buildConfigurations = (
				AC820D952059E0BB0014A757 /* Debug */,
				AC820D962059E0BB0014A757 /* Release */,
			);
			defaultConfigurationIsVisible = 0;
			defaultConfigurationName = Release;
		};
/* End XCConfigurationList section */
	};
	rootObject = AC820D5E2059E0BB0014A757 /* Project object */;
}
